# THIS IS AN AUTOGENERATED FILE. DO NOT EDIT THIS FILE DIRECTLY.
# yarn lockfile v1


abstract-socket@^1.0.0:
  version "1.1.0"
  resolved "https://registry.yarnpkg.com/abstract-socket/-/abstract-socket-1.1.0.tgz#8975e091064839b38fe795719fbc6cee5170f7b8"
  dependencies:
    bindings "^1.2.1"
    nan "^2.0.9"

bindings@^1.2.1:
  version "1.2.1"
  resolved "https://registry.yarnpkg.com/bindings/-/bindings-1.2.1.tgz#14ad6113812d2d37d72e67b4cacb4bb726505f11"

dbus-native@^0.2.0:
  version "0.2.0"
  resolved "https://registry.yarnpkg.com/dbus-native/-/dbus-native-0.2.0.tgz#b3fe24f44298ba62bd2fa2add492d75a851a2f8e"
  dependencies:
    event-stream "^3.1.7"
    put "0.0.6"
    xml2js "0.1.14"
  optionalDependencies:
    abstract-socket "^1.0.0"

duplexer@~0.1.1:
  version "0.1.1"
  resolved "https://registry.yarnpkg.com/duplexer/-/duplexer-0.1.1.tgz#ace6ff808c1ce66b57d1ebf97977acb02334cfc1"

event-stream@^3.1.7:
  version "3.3.4"
  resolved "https://registry.yarnpkg.com/event-stream/-/event-stream-3.3.4.tgz#4ab4c9a0f5a54db9338b4c34d86bfce8f4b35571"
  dependencies:
    duplexer "~0.1.1"
    from "~0"
    map-stream "~0.1.0"
    pause-stream "0.0.11"
    split "0.3"
    stream-combiner "~0.0.4"
    through "~2.3.1"

from@~0:
  version "0.1.7"
  resolved "https://registry.yarnpkg.com/from/-/from-0.1.7.tgz#83c60afc58b9c56997007ed1a768b3ab303a44fe"

map-stream@~0.1.0:
  version "0.1.0"
  resolved "https://registry.yarnpkg.com/map-stream/-/map-stream-0.1.0.tgz#e56aa94c4c8055a16404a0674b78f215f7c8e194"

nan@^2.0.9:
  version "2.6.2"
  resolved "https://registry.yarnpkg.com/nan/-/nan-2.6.2.tgz#e4ff34e6c95fdfb5aecc08de6596f43605a7db45"

node-cec@^0.1.2:
  version "0.1.2"
  resolved "https://registry.yarnpkg.com/node-cec/-/node-cec-0.1.2.tgz#b7c43f865e3e5ccea9d9bb339736766f7d6ff05d"

omxplayer-controll@^0.1.9:
  version "0.1.9"
  resolved "https://registry.yarnpkg.com/omxplayer-controll/-/omxplayer-controll-0.1.9.tgz#ca264d16f320e208701908c1ebbe9a7f044b7d01"
  dependencies:
    dbus-native "^0.2.0"

pause-stream@0.0.11:
  version "0.0.11"
  resolved "https://registry.yarnpkg.com/pause-stream/-/pause-stream-0.0.11.tgz#fe5a34b0cbce12b5aa6a2b403ee2e73b602f1445"
  dependencies:
    through "~2.3"

put@0.0.6:
  version "0.0.6"
  resolved "https://registry.yarnpkg.com/put/-/put-0.0.6.tgz#30f5f60bd6e4389bd329e16a25386cbb2e4a00a3"

sax@>=0.1.1:
  version "1.2.2"
  resolved "https://registry.yarnpkg.com/sax/-/sax-1.2.2.tgz#fd8631a23bc7826bef5d871bdb87378c95647828"

split@0.3:
  version "0.3.3"
  resolved "https://registry.yarnpkg.com/split/-/split-0.3.3.tgz#cd0eea5e63a211dfff7eb0f091c4133e2d0dd28f"
  dependencies:
    through "2"

stream-combiner@~0.0.4:
  version "0.0.4"
  resolved "https://registry.yarnpkg.com/stream-combiner/-/stream-combiner-0.0.4.tgz#4d5e433c185261dde623ca3f44c586bcf5c4ad14"
  dependencies:
    duplexer "~0.1.1"

through@2, through@~2.3, through@~2.3.1:
  version "2.3.8"
  resolved "https://registry.yarnpkg.com/through/-/through-2.3.8.tgz#0dd4c9ffaabc357960b1b724115d7e0e86a2e1f5"

xml2js@0.1.14:
  version "0.1.14"
  resolved "https://registry.yarnpkg.com/xml2js/-/xml2js-0.1.14.tgz#5274e67f5a64c5f92974cd85139e0332adc6b90c"
  dependencies:
    sax ">=0.1.1"
